
Microsoft Visual Studio Solution File, Format Version 12.00
# Visual Studio Version 17
VisualStudioVersion = 17.13.35825.156 d17.13
MinimumVisualStudioVersion = 10.0.40219.1
Project("{FAE04EC0-301F-11D3-BF4B-00C04F79EFBC}") = "25.03.19", "25.03.19.csproj", "{1A5DF43E-EFAF-41DE-AC69-515361C7F10F}"
EndProject
Global
	GlobalSection(SolutionConfigurationPlatforms) = preSolution
		Debug|Any CPU = Debug|Any CPU
		Release|Any CPU = Release|Any CPU
	EndGlobalSection
	GlobalSection(ProjectConfigurationPlatforms) = postSolution
		{1A5DF43E-EFAF-41DE-AC69-515361C7F10F}.Debug|Any CPU.ActiveCfg = Debug|Any CPU
		{1A5DF43E-EFAF-41DE-AC69-515361C7F10F}.Debug|Any CPU.Build.0 = Debug|Any CPU
		{1A5DF43E-EFAF-41DE-AC69-515361C7F10F}.Release|Any CPU.ActiveCfg = Release|Any CPU
		{1A5DF43E-EFAF-41DE-AC69-515361C7F10F}.Release|Any CPU.Build.0 = Release|Any CPU
	EndGlobalSection
	GlobalSection(SolutionProperties) = preSolution
		HideSolutionNode = FALSE
	EndGlobalSection
	GlobalSection(ExtensibilityGlobals) = postSolution
		SolutionGuid = {A87F348E-7E61-47A4-892B-111D6F76B288}
	EndGlobalSection
EndGlobal
